// !$*UTF8*$!
{
	archiveVersion = 1;
	classes = {
	};
	objectVersion = 46;
	objects = {

/* Begin PBXBuildFile section */
		9409DB391C740D4C00A61AAA /* AppDelegate.swift in Sources */ = {isa = PBXBuildFile; fileRef = 9409DB381C740D4C00A61AAA /* AppDelegate.swift */; };
		9409DB3B1C740D4C00A61AAA /* ViewController.swift in Sources */ = {isa = PBXBuildFile; fileRef = 9409DB3A1C740D4C00A61AAA /* ViewController.swift */; };
		9409DB3E1C740D4C00A61AAA /* Main.storyboard in Resources */ = {isa = PBXBuildFile; fileRef = 9409DB3C1C740D4C00A61AAA /* Main.storyboard */; };
		9409DB401C740D4C00A61AAA /* Assets.xcassets in Resources */ = {isa = PBXBuildFile; fileRef = 9409DB3F1C740D4C00A61AAA /* Assets.xcassets */; };
		9409DB431C740D4C00A61AAA /* LaunchScreen.storyboard in Resources */ = {isa = PBXBuildFile; fileRef = 9409DB411C740D4C00A61AAA /* LaunchScreen.storyboard */; };
/* End PBXBuildFile section */

/* Begin PBXFileReference section */
		9409DB351C740D4C00A61AAA /* aaa.app */ = {isa = PBXFileReference; explicitFileType = wrapper.application; includeInIndex = 0; path = aaa.app; sourceTree = BUILT_PRODUCTS_DIR; };
		9409DB381C740D4C00A61AAA /* AppDelegate.swift */ = {isa = PBXFileReference; lastKnownFileType = sourcecode.swift; path = AppDelegate.swift; sourceTree = "<group>"; };
		9409DB3A1C740D4C00A61AAA /* ViewController.swift */ = {isa = PBXFileReference; lastKnownFileType = sourcecode.swift; path = ViewController.swift; sourceTree = "<group>"; };
		9409DB3D1C740D4C00A61AAA /* Base */ = {isa = PBXFileReference; lastKnownFileType = file.storyboard; name = Base; path = Base.lproj/Main.storyboard; sourceTree = "<group>"; };
		9409DB3F1C740D4C00A61AAA /* Assets.xcassets */ = {isa = PBXFileReference; lastKnownFileType = folder.assetcatalog; path = Assets.xcassets; sourceTree = "<group>"; };
		9409DB421C740D4C00A61AAA /* Base */ = {isa = PBXFileReference; lastKnownFileType = file.storyboard; name = Base; path = Base.lproj/LaunchScreen.storyboard; sourceTree = "<group>"; };
		9409DB441C740D4C00A61AAA /* Info.plist */ = {isa = PBXFileReference; lastKnownFileType = text.plist.xml; path = Info.plist; sourceTree = "<group>"; };
/* End PBXFileReference section */

/* Begin PBXFrameworksBuildPhase section */
		9409DB321C740D4C00A61AAA /* Frameworks */ = {
			isa = PBXFrameworksBuildPhase;
			buildActionMask = 2147483647;
			files = (
			);
			runOnlyForDeploymentPostprocessing = 0;
		};
/* End PBXFrameworksBuildPhase section */

/* Begin PBXGroup section */
		9409DB2C1C740D4C00A61AAA = {
			isa = PBXGroup;
			children = (
				9409DB371C740D4C00A61AAA /* aaa */,
				9409DB361C740D4C00A61AAA /* Products */,
			);
			sourceTree = "<group>";
		};
		9409DB361C740D4C00A61AAA /* Products */ = {
			isa = PBXGroup;
			children = (
				9409DB351C740D4C00A61AAA /* aaa.app */,
			);
			name = Products;
			sourceTree = "<group>";
		};
		9409DB371C740D4C00A61AAA /* aaa */ = {
			isa = PBXGroup;
			children = (
				9409DB381C740D4C00A61AAA /* AppDelegate.swift */,
				9409DB3A1C740D4C00A61AAA /* ViewController.swift */,
				9409DB3C1C740D4C00A61AAA /* Main.storyboard */,
				9409DB3F1C740D4C00A61AAA /* Assets.xcassets */,
				9409DB411C740D4C00A61AAA /* LaunchScreen.storyboard */,
				9409DB441C740D4C00A61AAA /* Info.plist */,
			);
			path = aaa;
			sourceTree = "<group>";
		};
/* End PBXGroup section */

/* Begin PBXNativeTarget section */
		9409DB341C740D4C00A61AAA /* aaa */ = {
			isa = PBXNativeTarget;
			buildConfigurationList = 9409DB471C740D4C00A61AAA /* Build configuration list for PBXNativeTarget "aaa" */;
			buildPhases = (
				9409DB311C740D4C00A61AAA /* Sources */,
				9409DB321C740D4C00A61AAA /* Frameworks */,
				9409DB331C740D4C00A61AAA /* Resources */,
			);
			buildRules = (
			);
			dependencies = (
			);
			name = aaa;
			productName = aaa;
			productReference = 9409DB351C740D4C00A61AAA /* aaa.app */;
			productType = "com.apple.product-type.application";
		};
/* End PBXNativeTarget section */

/* Begin PBXProject section */
		9409DB2D1C740D4C00A61AAA /* Project object */ = {
			isa = PBXProject;
			attributes = {
				LastSwiftUpdateCheck = 0730;
				LastUpgradeCheck = 0730;
				ORGANIZATIONNAME = "DINGCHEN GUO";
				TargetAttributes = {
					9409DB341C740D4C00A61AAA = {
						CreatedOnToolsVersion = 7.3;
						DevelopmentTeam = NNCJVVR47K;
					};
				};
			};
			buildConfigurationList = 9409DB301C740D4C00A61AAA /* Build configuration list for PBXProject "aaa" */;
			compatibilityVersion = "Xcode 3.2";
			developmentRegion = English;
			hasScannedForEncodings = 0;
			knownRegions = (
				en,
				Base,
			);
			mainGroup = 9409DB2C1C740D4C00A61AAA;
			productRefGroup = 9409DB361C740D4C00A61AAA /* Products */;
			projectDirPath = "";
			projectRoot = "";
			targets = (
				9409DB341C740D4C00A61AAA /* aaa */,
			);
		};
/* End PBXProject section */

/* Begin PBXResourcesBuildPhase section */
		9409DB331C740D4C00A61AAA /* Resources */ = {
			isa = PBXResourcesBuildPhase;
			buildActionMask = 2147483647;
			files = (
				9409DB431C740D4C00A61AAA /* LaunchScreen.storyboard in Resources */,
				9409DB401C740D4C00A61AAA /* Assets.xcassets in Resources */,
				9409DB3E1C740D4C00A61AAA /* Main.storyboard in Resources */,
			);
			runOnlyForDeploymentPostprocessing = 0;
		};
/* End PBXResourcesBuildPhase section */

/* Begin PBXSourcesBuildPhase section */
		9409DB311C740D4C00A61AAA /* Sources */ = {
			isa = PBXSourcesBuildPhase;
			buildActionMask = 2147483647;
			files = (
				9409DB3B1C740D4C00A61AAA /* ViewController.swift in Sources */,
				9409DB391C740D4C00A61AAA /* AppDelegate.swift in Sources */,
			);
			runOnlyForDeploymentPostprocessing = 0;
		};
/* End PBXSourcesBuildPhase section */

/* Begin PBXVariantGroup section */
		9409DB3C1C740D4C00A61AAA /* Main.storyboard */ = {
			isa = PBXVariantGroup;
			children = (
				9409DB3D1C740D4C00A61AAA /* Base */,
			);
			name = Main.storyboard;
			sourceTree = "<group>";
		};
		9409DB411C740D4C00A61AAA /* LaunchScreen.storyboard */ = {
			isa = PBXVariantGroup;
			children = (
				9409DB421C740D4C00A61AAA /* Base */,
			);
			name = LaunchScreen.storyboard;
			sourceTree = "<group>";
		};
/* End PBXVariantGroup section */

/* Begin XCBuildConfiguration section */
		9409DB451C740D4C00A61AAA /* Debug */ = {
			isa = XCBuildConfiguration;
			buildSettings = {
				ALWAYS_SEARCH_USER_PATHS = NO;
				CLANG_CXX_LANGUAGE_STANDARD = "gnu++0x";
				CLANG_CXX_LIBRARY = "libc++";
				CLANG_ENABLE_MODULES = YES;
				CLANG_ENABLE_OBJC_ARC = YES;
				CLANG_WARN_BOOL_CONVERSION = YES;
				CLANG_WARN_CONSTANT_CONVERSION = YES;
				CLANG_WARN_DIRECT_OBJC_ISA_USAGE = YES_ERROR;
				CLANG_WARN_EMPTY_BODY = YES;
				CLANG_WARN_ENUM_CONVERSION = YES;
				CLANG_WARN_INT_CONVERSION = YES;
				CLANG_WARN_OBJC_ROOT_CLASS = YES_ERROR;
				CLANG_WARN_UNREACHABLE_CODE = YES;
				CLANG_WARN__DUPLICATE_METHOD_MATCH = YES;
				"CODE_SIGN_IDENTITY[sdk=iphoneos*]" = "iPhone Developer";
				COPY_PHASE_STRIP = NO;
				DEBUG_INFORMATION_FORMAT = dwarf;
				ENABLE_STRICT_OBJC_MSGSEND = YES;
				ENABLE_TESTABILITY = YES;
				GCC_C_LANGUAGE_STANDARD = gnu99;
				GCC_DYNAMIC_NO_PIC = NO;
				GCC_NO_COMMON_BLOCKS = YES;
				GCC_OPTIMIZATION_LEVEL = 0;
				GCC_PREPROCESSOR_DEFINITIONS = (
					"DEBUG=1",
					"$(inherited)",
				);
				GCC_WARN_64_TO_32_BIT_CONVERSION = YES;
				GCC_WARN_ABOUT_RETURN_TYPE = YES_ERROR;
				GCC_WARN_UNDECLARED_SELECTOR = YES;
				GCC_WARN_UNINITIALIZED_AUTOS = YES_AGGRESSIVE;
				GCC_WARN_UNUSED_FUNCTION = YES;
				GCC_WARN_UNUSED_VARIABLE = YES;
				IPHONEOS_DEPLOYMENT_TARGET = 9.3;
				MTL_ENABLE_DEBUG_INFO = YES;
				ONLY_ACTIVE_ARCH = YES;
				SDKROOT = iphoneos;
				SWIFT_OPTIMIZATION_LEVEL = "-Onone";
			};
			name = Debug;
		};
		9409DB461C740D4C00A61AAA /* Release */ = {
			isa = XCBuildConfiguration;
			buildSettings = {
				ALWAYS_SEARCH_USER_PATHS = NO;
				CLANG_CXX_LANGUAGE_STANDARD = "gnu++0x";
				CLANG_CXX_LIBRARY = "libc++";
				CLANG_ENABLE_MODULES = YES;
				CLANG_ENABLE_OBJC_ARC = YES;
				CLANG_WARN_BOOL_CONVERSION = YES;
				CLANG_WARN_CONSTANT_CONVERSION = YES;
				CLANG_WARN_DIRECT_OBJC_ISA_USAGE = YES_ERROR;
				CLANG_WARN_EMPTY_BODY = YES;
				CLANG_WARN_ENUM_CONVERSION = YES;
				CLANG_WARN_INT_CONVERSION = YES;
				CLANG_WARN_OBJC_ROOT_CLASS = YES_ERROR;
				CLANG_WARN_UNREACHABLE_CODE = YES;
				CLANG_WARN__DUPLICATE_METHOD_MATCH = YES;
				"CODE_SIGN_IDENTITY[sdk=iphoneos*]" = "iPhone Developer";
				COPY_PHASE_STRIP = NO;
				DEBUG_INFORMATION_FORMAT = "dwarf-with-dsym";
				ENABLE_NS_ASSERTIONS = NO;
				ENABLE_STRICT_OBJC_MSGSEND = YES;
				GCC_C_LANGUAGE_STANDARD = gnu99;
				GCC_NO_COMMON_BLOCKS = YES;
				GCC_WARN_64_TO_32_BIT_CONVERSION = YES;
				GCC_WARN_ABOUT_RETURN_TYPE = YES_ERROR;
				GCC_WARN_UNDECLARED_SELECTOR = YES;
				GCC_WARN_UNINITIALIZED_AUTOS = YES_AGGRESSIVE;
				GCC_WARN_UNUSED_FUNCTION = YES;
				GCC_WARN_UNUSED_VARIABLE = YES;
				IPHONEOS_DEPLOYMENT_TARGET = 9.3;
				MTL_ENABLE_DEBUG_INFO = NO;
				SDKROOT = iphoneos;
				VALIDATE_PRODUCT = YES;
			};
			name = Release;
		};
		9409DB481C740D4C00A61AAA /* Debug */ = {
			isa = XCBuildConfiguration;
			buildSettings = {
				ASSETCATALOG_COMPILER_APPICON_NAME = AppIcon;
				CODE_SIGN_IDENTITY = "iPhone Developer";
				"CODE_SIGN_IDENTITY[sdk=iphoneos*]" = "iPhone Developer";
				INFOPLIST_FILE = aaa/Info.plist;
				LD_RUNPATH_SEARCH_PATHS = "$(inherited) @executable_path/Frameworks";
				PRODUCT_BUNDLE_IDENTIFIER = com.dckwok.aaa;
				PRODUCT_NAME = "$(TARGET_NAME)";
				PROVISIONING_PROFILE = "";
			};
			name = Debug;
		};
		9409DB491C740D4C00A61AAA /* Release */ = {
			isa = XCBuildConfiguration;
			buildSettings = {
				ASSETCATALOG_COMPILER_APPICON_NAME = AppIcon;
				CODE_SIGN_IDENTITY = "iPhone Developer";
				"CODE_SIGN_IDENTITY[sdk=iphoneos*]" = "iPhone Developer";
				INFOPLIST_FILE = aaa/Info.plist;
				LD_RUNPATH_SEARCH_PATHS = "$(inherited) @executable_path/Frameworks";
				PRODUCT_BUNDLE_IDENTIFIER = com.dckwok.aaa;
				PRODUCT_NAME = "$(TARGET_NAME)";
				PROVISIONING_PROFILE = "";
			};
			name = Release;
		};
/* End XCBuildConfiguration section */

/* Begin XCConfigurationList section */
		9409DB301C740D4C00A61AAA /* Build configuration list for PBXProject "aaa" */ = {
			isa = XCConfigurationList;
			buildConfigurations = (
				9409DB451C740D4C00A61AAA /* Debug */,
				9409DB461C740D4C00A61AAA /* Release */,
			);
			defaultConfigurationIsVisible = 0;
			defaultConfigurationName = Release;
		};
		9409DB471C740D4C00A61AAA /* Build configuration list for PBXNativeTarget "aaa" */ = {
			isa = XCConfigurationList;
			buildConfigurations = (
				9409DB481C740D4C00A61AAA /* Debug */,
				9409DB491C740D4C00A61AAA /* Release */,
			);
			defaultConfigurationIsVisible = 0;
		};
/* End XCConfigurationList section */
	};
	rootObject = 9409DB2D1C740D4C00A61AAA /* Project object */;
}
